
Microsoft Visual Studio Solution File, Format Version 12.00
# Visual Studio 15
VisualStudioVersion = 15.0.26228.4
MinimumVisualStudioVersion = 10.0.40219.1
Project("{FAE04EC0-301F-11D3-BF4B-00C04F79EFBC}") = "TradeForce", "TradeForce\TradeForce.csproj", "{DC65EABC-4514-409C-871B-A37C52041536}"
EndProject
Project("{FAE04EC0-301F-11D3-BF4B-00C04F79EFBC}") = "Admin", "Admin\Admin.csproj", "{8E160BE4-D258-42C6-9808-95DB3F289F56}"
EndProject
Global
	GlobalSection(SolutionConfigurationPlatforms) = preSolution
		Debug|Any CPU = Debug|Any CPU
		Release|Any CPU = Release|Any CPU
	EndGlobalSection
	GlobalSection(ProjectConfigurationPlatforms) = postSolution
		{DC65EABC-4514-409C-871B-A37C52041536}.Debug|Any CPU.ActiveCfg = Debug|Any CPU
		{DC65EABC-4514-409C-871B-A37C52041536}.Debug|Any CPU.Build.0 = Debug|Any CPU
		{DC65EABC-4514-409C-871B-A37C52041536}.Release|Any CPU.ActiveCfg = Release|Any CPU
		{DC65EABC-4514-409C-871B-A37C52041536}.Release|Any CPU.Build.0 = Release|Any CPU
		{8E160BE4-D258-42C6-9808-95DB3F289F56}.Debug|Any CPU.ActiveCfg = Debug|Any CPU
		{8E160BE4-D258-42C6-9808-95DB3F289F56}.Debug|Any CPU.Build.0 = Debug|Any CPU
		{8E160BE4-D258-42C6-9808-95DB3F289F56}.Release|Any CPU.ActiveCfg = Release|Any CPU
		{8E160BE4-D258-42C6-9808-95DB3F289F56}.Release|Any CPU.Build.0 = Release|Any CPU
	EndGlobalSection
	GlobalSection(SolutionProperties) = preSolution
		HideSolutionNode = FALSE
	EndGlobalSection
EndGlobal
